
Microsoft Visual Studio Solution File, Format Version 12.00
# Visual Studio 15
VisualStudioVersion = 15.0.27130.0
MinimumVisualStudioVersion = 10.0.40219.1
Project("{FAE04EC0-301F-11D3-BF4B-00C04F79EFBC}") = "ASPNetCore.CleanArchitecture.Api", "ASPNetCore.CleanArchitecture\ASPNetCore.CleanArchitecture.Api\ASPNetCore.CleanArchitecture.Api.csproj", "{2CFBAA43-55A5-4C95-86D6-675B7B3BA8CE}"
EndProject
Project("{FAE04EC0-301F-11D3-BF4B-00C04F79EFBC}") = "ASPNetCore.CleanArchitecture.Data", "ASPNetCore.CleanArchitecture\ASPNetCore.CleanArchitecture.Data\ASPNetCore.CleanArchitecture.Data.csproj", "{FCB037C3-6B4D-42DC-9A6E-5282636C74C1}"
EndProject
Project("{FAE04EC0-301F-11D3-BF4B-00C04F79EFBC}") = "ASPNetCore.CleanArchitecture.Domain", "ASPNetCore.CleanArchitecture\ASPNetCore.CleanArchitecture.Domain\ASPNetCore.CleanArchitecture.Domain.csproj", "{DABFE91B-DBBB-45A6-A96D-3537F2F3E396}"
EndProject
Project("{FAE04EC0-301F-11D3-BF4B-00C04F79EFBC}") = "ASPNetCore.CleanArchitecture.Infrastructure", "ASPNetCore.CleanArchitecture\ASPNetCore.CleanArchitecture.Infrastructure\ASPNetCore.CleanArchitecture.Infrastructure.csproj", "{2608B6F4-177B-47E4-83E7-70BDCD1C39C1}"
EndProject
Project("{FAE04EC0-301F-11D3-BF4B-00C04F79EFBC}") = "ASPNetCore.CleanArchitecture.Interfaces", "ASPNetCore.CleanArchitecture\ASPNetCore.CleanArchitecture.Interfaces\ASPNetCore.CleanArchitecture.Interfaces.csproj", "{29E413B8-9F03-4E77-91E9-412BB6E96FBB}"
EndProject
Project("{FAE04EC0-301F-11D3-BF4B-00C04F79EFBC}") = "ASPNetCore.CleanArchitecture.Models", "ASPNetCore.CleanArchitecture\ASPNetCore.CleanArchitecture.Models\ASPNetCore.CleanArchitecture.Models.csproj", "{7C3A1950-C8AD-47D2-AE68-183979DA0B94}"
EndProject
Project("{FAE04EC0-301F-11D3-BF4B-00C04F79EFBC}") = "ASPNetCore.CleanArchitecture.Setup", "ASPNetCore.CleanArchitecture\ASPNetCore.CleanArchitecture.Setup\ASPNetCore.CleanArchitecture.Setup.csproj", "{E35B12F7-4C6F-4F3D-B319-C5D9CC58A628}"
EndProject
Global
	GlobalSection(SolutionConfigurationPlatforms) = preSolution
		Debug|Any CPU = Debug|Any CPU
		Release|Any CPU = Release|Any CPU
	EndGlobalSection
	GlobalSection(ProjectConfigurationPlatforms) = postSolution
		{2CFBAA43-55A5-4C95-86D6-675B7B3BA8CE}.Debug|Any CPU.ActiveCfg = Debug|Any CPU
		{2CFBAA43-55A5-4C95-86D6-675B7B3BA8CE}.Debug|Any CPU.Build.0 = Debug|Any CPU
		{2CFBAA43-55A5-4C95-86D6-675B7B3BA8CE}.Release|Any CPU.ActiveCfg = Release|Any CPU
		{2CFBAA43-55A5-4C95-86D6-675B7B3BA8CE}.Release|Any CPU.Build.0 = Release|Any CPU
		{FCB037C3-6B4D-42DC-9A6E-5282636C74C1}.Debug|Any CPU.ActiveCfg = Debug|Any CPU
		{FCB037C3-6B4D-42DC-9A6E-5282636C74C1}.Debug|Any CPU.Build.0 = Debug|Any CPU
		{FCB037C3-6B4D-42DC-9A6E-5282636C74C1}.Release|Any CPU.ActiveCfg = Release|Any CPU
		{FCB037C3-6B4D-42DC-9A6E-5282636C74C1}.Release|Any CPU.Build.0 = Release|Any CPU
		{DABFE91B-DBBB-45A6-A96D-3537F2F3E396}.Debug|Any CPU.ActiveCfg = Debug|Any CPU
		{DABFE91B-DBBB-45A6-A96D-3537F2F3E396}.Debug|Any CPU.Build.0 = Debug|Any CPU
		{DABFE91B-DBBB-45A6-A96D-3537F2F3E396}.Release|Any CPU.ActiveCfg = Release|Any CPU
		{DABFE91B-DBBB-45A6-A96D-3537F2F3E396}.Release|Any CPU.Build.0 = Release|Any CPU
		{2608B6F4-177B-47E4-83E7-70BDCD1C39C1}.Debug|Any CPU.ActiveCfg = Debug|Any CPU
		{2608B6F4-177B-47E4-83E7-70BDCD1C39C1}.Debug|Any CPU.Build.0 = Debug|Any CPU
		{2608B6F4-177B-47E4-83E7-70BDCD1C39C1}.Release|Any CPU.ActiveCfg = Release|Any CPU
		{2608B6F4-177B-47E4-83E7-70BDCD1C39C1}.Release|Any CPU.Build.0 = Release|Any CPU
		{29E413B8-9F03-4E77-91E9-412BB6E96FBB}.Debug|Any CPU.ActiveCfg = Debug|Any CPU
		{29E413B8-9F03-4E77-91E9-412BB6E96FBB}.Debug|Any CPU.Build.0 = Debug|Any CPU
		{29E413B8-9F03-4E77-91E9-412BB6E96FBB}.Release|Any CPU.ActiveCfg = Release|Any CPU
		{29E413B8-9F03-4E77-91E9-412BB6E96FBB}.Release|Any CPU.Build.0 = Release|Any CPU
		{7C3A1950-C8AD-47D2-AE68-183979DA0B94}.Debug|Any CPU.ActiveCfg = Debug|Any CPU
		{7C3A1950-C8AD-47D2-AE68-183979DA0B94}.Debug|Any CPU.Build.0 = Debug|Any CPU
		{7C3A1950-C8AD-47D2-AE68-183979DA0B94}.Release|Any CPU.ActiveCfg = Release|Any CPU
		{7C3A1950-C8AD-47D2-AE68-183979DA0B94}.Release|Any CPU.Build.0 = Release|Any CPU
		{E35B12F7-4C6F-4F3D-B319-C5D9CC58A628}.Debug|Any CPU.ActiveCfg = Debug|Any CPU
		{E35B12F7-4C6F-4F3D-B319-C5D9CC58A628}.Debug|Any CPU.Build.0 = Debug|Any CPU
		{E35B12F7-4C6F-4F3D-B319-C5D9CC58A628}.Release|Any CPU.ActiveCfg = Release|Any CPU
		{E35B12F7-4C6F-4F3D-B319-C5D9CC58A628}.Release|Any CPU.Build.0 = Release|Any CPU
	EndGlobalSection
	GlobalSection(SolutionProperties) = preSolution
		HideSolutionNode = FALSE
	EndGlobalSection
	GlobalSection(ExtensibilityGlobals) = postSolution
		SolutionGuid = {595BFF22-17BB-487E-838F-CEEC22E149C6}
	EndGlobalSection
EndGlobal
